{
  "name": "glintstone",
  "version": "0.0.0",
  "lockfileVersion": 3,
  "requires": true,
  "packages": {
    "": {
      "name": "glintstone",
      "version": "0.0.0",
      "license": "MIT",
      "workspaces": [
        "apps/web",
        "apps/api",
        "packages/ui",
        "packages/interfaces"
      ]
    },
    "apps/api": {
      "version": "1.0.0",
      "license": "ISC",
      "devDependencies": {}
    },
    "apps/web": {
      "version": "1.0.0",
      "license": "ISC"
    },
    "node_modules/api": {
      "resolved": "apps/api",
      "link": true
    },
    "node_modules/interfaces": {
      "resolved": "packages/interfaces",
      "link": true
    },
    "node_modules/ui": {
      "resolved": "packages/ui",
      "link": true
    },
    "node_modules/web": {
      "resolved": "apps/web",
      "link": true
    },
    "packages/interfaces": {
      "version": "1.0.0",
      "license": "ISC",
      "devDependencies": {}
    },
    "packages/ui": {
      "version": "1.0.0",
      "license": "ISC",
      "devDependencies": {}
    }
  }
}
